// !$*UTF8*$!
{
	archiveVersion = 1;
	classes = {
	};
	objectVersion = 55;
	objects = {

/* Begin PBXBuildFile section */
		C09C07DB27A46AEF003AAD2F /* AppDelegate.swift in Sources */ = {isa = PBXBuildFile; fileRef = C09C07DA27A46AEF003AAD2F /* AppDelegate.swift */; };
		C09C07DD27A46AEF003AAD2F /* SceneDelegate.swift in Sources */ = {isa = PBXBuildFile; fileRef = C09C07DC27A46AEF003AAD2F /* SceneDelegate.swift */; };
		C09C07DF27A46AEF003AAD2F /* ViewController.swift in Sources */ = {isa = PBXBuildFile; fileRef = C09C07DE27A46AEF003AAD2F /* ViewController.swift */; };
		C09C07E227A46AEF003AAD2F /* Main.storyboard in Resources */ = {isa = PBXBuildFile; fileRef = C09C07E027A46AEF003AAD2F /* Main.storyboard */; };
		C09C07E427A46AF0003AAD2F /* Assets.xcassets in Resources */ = {isa = PBXBuildFile; fileRef = C09C07E327A46AF0003AAD2F /* Assets.xcassets */; };
		C09C07E727A46AF0003AAD2F /* LaunchScreen.storyboard in Resources */ = {isa = PBXBuildFile; fileRef = C09C07E527A46AF0003AAD2F /* LaunchScreen.storyboard */; };
		C09C07F227A46AF0003AAD2F /* preworkTests.swift in Sources */ = {isa = PBXBuildFile; fileRef = C09C07F127A46AF0003AAD2F /* preworkTests.swift */; };
		C09C07FC27A46AF0003AAD2F /* preworkUITests.swift in Sources */ = {isa = PBXBuildFile; fileRef = C09C07FB27A46AF0003AAD2F /* preworkUITests.swift */; };
		C09C07FE27A46AF0003AAD2F /* preworkUITestsLaunchTests.swift in Sources */ = {isa = PBXBuildFile; fileRef = C09C07FD27A46AF0003AAD2F /* preworkUITestsLaunchTests.swift */; };
/* End PBXBuildFile section */

/* Begin PBXContainerItemProxy section */
		C09C07EE27A46AF0003AAD2F /* PBXContainerItemProxy */ = {
			isa = PBXContainerItemProxy;
			containerPortal = C09C07CF27A46AEF003AAD2F /* Project object */;
			proxyType = 1;
			remoteGlobalIDString = C09C07D627A46AEF003AAD2F;
			remoteInfo = prework;
		};
		C09C07F827A46AF0003AAD2F /* PBXContainerItemProxy */ = {
			isa = PBXContainerItemProxy;
			containerPortal = C09C07CF27A46AEF003AAD2F /* Project object */;
			proxyType = 1;
			remoteGlobalIDString = C09C07D627A46AEF003AAD2F;
			remoteInfo = prework;
		};
/* End PBXContainerItemProxy section */

/* Begin PBXFileReference section */
		C09C07D727A46AEF003AAD2F /* prework.app */ = {isa = PBXFileReference; explicitFileType = wrapper.application; includeInIndex = 0; path = prework.app; sourceTree = BUILT_PRODUCTS_DIR; };
		C09C07DA27A46AEF003AAD2F /* AppDelegate.swift */ = {isa = PBXFileReference; lastKnownFileType = sourcecode.swift; path = AppDelegate.swift; sourceTree = "<group>"; };
		C09C07DC27A46AEF003AAD2F /* SceneDelegate.swift */ = {isa = PBXFileReference; lastKnownFileType = sourcecode.swift; path = SceneDelegate.swift; sourceTree = "<group>"; };
		C09C07DE27A46AEF003AAD2F /* ViewController.swift */ = {isa = PBXFileReference; lastKnownFileType = sourcecode.swift; path = ViewController.swift; sourceTree = "<group>"; };
		C09C07E127A46AEF003AAD2F /* Base */ = {isa = PBXFileReference; lastKnownFileType = file.storyboard; name = Base; path = Base.lproj/Main.storyboard; sourceTree = "<group>"; };
		C09C07E327A46AF0003AAD2F /* Assets.xcassets */ = {isa = PBXFileReference; lastKnownFileType = folder.assetcatalog; path = Assets.xcassets; sourceTree = "<group>"; };
		C09C07E627A46AF0003AAD2F /* Base */ = {isa = PBXFileReference; lastKnownFileType = file.storyboard; name = Base; path = Base.lproj/LaunchScreen.storyboard; sourceTree = "<group>"; };
		C09C07E827A46AF0003AAD2F /* Info.plist */ = {isa = PBXFileReference; lastKnownFileType = text.plist.xml; path = Info.plist; sourceTree = "<group>"; };
		C09C07ED27A46AF0003AAD2F /* preworkTests.xctest */ = {isa = PBXFileReference; explicitFileType = wrapper.cfbundle; includeInIndex = 0; path = preworkTests.xctest; sourceTree = BUILT_PRODUCTS_DIR; };
		C09C07F127A46AF0003AAD2F /* preworkTests.swift */ = {isa = PBXFileReference; lastKnownFileType = sourcecode.swift; path = preworkTests.swift; sourceTree = "<group>"; };
		C09C07F727A46AF0003AAD2F /* preworkUITests.xctest */ = {isa = PBXFileReference; explicitFileType = wrapper.cfbundle; includeInIndex = 0; path = preworkUITests.xctest; sourceTree = BUILT_PRODUCTS_DIR; };
		C09C07FB27A46AF0003AAD2F /* preworkUITests.swift */ = {isa = PBXFileReference; lastKnownFileType = sourcecode.swift; path = preworkUITests.swift; sourceTree = "<group>"; };
		C09C07FD27A46AF0003AAD2F /* preworkUITestsLaunchTests.swift */ = {isa = PBXFileReference; lastKnownFileType = sourcecode.swift; path = preworkUITestsLaunchTests.swift; sourceTree = "<group>"; };
/* End PBXFileReference section */

/* Begin PBXFrameworksBuildPhase section */
		C09C07D427A46AEF003AAD2F /* Frameworks */ = {
			isa = PBXFrameworksBuildPhase;
			buildActionMask = 2147483647;
			files = (
			);
			runOnlyForDeploymentPostprocessing = 0;
		};
		C09C07EA27A46AF0003AAD2F /* Frameworks */ = {
			isa = PBXFrameworksBuildPhase;
			buildActionMask = 2147483647;
			files = (
			);
			runOnlyForDeploymentPostprocessing = 0;
		};
		C09C07F427A46AF0003AAD2F /* Frameworks */ = {
			isa = PBXFrameworksBuildPhase;
			buildActionMask = 2147483647;
			files = (
			);
			runOnlyForDeploymentPostprocessing = 0;
		};
/* End PBXFrameworksBuildPhase section */

/* Begin PBXGroup section */
		C09C07CE27A46AEF003AAD2F = {
			isa = PBXGroup;
			children = (
				C09C07D927A46AEF003AAD2F /* prework */,
				C09C07F027A46AF0003AAD2F /* preworkTests */,
				C09C07FA27A46AF0003AAD2F /* preworkUITests */,
				C09C07D827A46AEF003AAD2F /* Products */,
			);
			sourceTree = "<group>";
		};
		C09C07D827A46AEF003AAD2F /* Products */ = {
			isa = PBXGroup;
			children = (
				C09C07D727A46AEF003AAD2F /* prework.app */,
				C09C07ED27A46AF0003AAD2F /* preworkTests.xctest */,
				C09C07F727A46AF0003AAD2F /* preworkUITests.xctest */,
			);
			name = Products;
			sourceTree = "<group>";
		};
		C09C07D927A46AEF003AAD2F /* prework */ = {
			isa = PBXGroup;
			children = (
				C09C07DA27A46AEF003AAD2F /* AppDelegate.swift */,
				C09C07DC27A46AEF003AAD2F /* SceneDelegate.swift */,
				C09C07DE27A46AEF003AAD2F /* ViewController.swift */,
				C09C07E027A46AEF003AAD2F /* Main.storyboard */,
				C09C07E327A46AF0003AAD2F /* Assets.xcassets */,
				C09C07E527A46AF0003AAD2F /* LaunchScreen.storyboard */,
				C09C07E827A46AF0003AAD2F /* Info.plist */,
			);
			path = prework;
			sourceTree = "<group>";
		};
		C09C07F027A46AF0003AAD2F /* preworkTests */ = {
			isa = PBXGroup;
			children = (
				C09C07F127A46AF0003AAD2F /* preworkTests.swift */,
			);
			path = preworkTests;
			sourceTree = "<group>";
		};
		C09C07FA27A46AF0003AAD2F /* preworkUITests */ = {
			isa = PBXGroup;
			children = (
				C09C07FB27A46AF0003AAD2F /* preworkUITests.swift */,
				C09C07FD27A46AF0003AAD2F /* preworkUITestsLaunchTests.swift */,
			);
			path = preworkUITests;
			sourceTree = "<group>";
		};
/* End PBXGroup section */

/* Begin PBXNativeTarget section */
		C09C07D627A46AEF003AAD2F /* prework */ = {
			isa = PBXNativeTarget;
			buildConfigurationList = C09C080127A46AF0003AAD2F /* Build configuration list for PBXNativeTarget "prework" */;
			buildPhases = (
				C09C07D327A46AEF003AAD2F /* Sources */,
				C09C07D427A46AEF003AAD2F /* Frameworks */,
				C09C07D527A46AEF003AAD2F /* Resources */,
			);
			buildRules = (
			);
			dependencies = (
			);
			name = prework;
			productName = prework;
			productReference = C09C07D727A46AEF003AAD2F /* prework.app */;
			productType = "com.apple.product-type.application";
		};
		C09C07EC27A46AF0003AAD2F /* preworkTests */ = {
			isa = PBXNativeTarget;
			buildConfigurationList = C09C080427A46AF0003AAD2F /* Build configuration list for PBXNativeTarget "preworkTests" */;
			buildPhases = (
				C09C07E927A46AF0003AAD2F /* Sources */,
				C09C07EA27A46AF0003AAD2F /* Frameworks */,
				C09C07EB27A46AF0003AAD2F /* Resources */,
			);
			buildRules = (
			);
			dependencies = (
				C09C07EF27A46AF0003AAD2F /* PBXTargetDependency */,
			);
			name = preworkTests;
			productName = preworkTests;
			productReference = C09C07ED27A46AF0003AAD2F /* preworkTests.xctest */;
			productType = "com.apple.product-type.bundle.unit-test";
		};
		C09C07F627A46AF0003AAD2F /* preworkUITests */ = {
			isa = PBXNativeTarget;
			buildConfigurationList = C09C080727A46AF0003AAD2F /* Build configuration list for PBXNativeTarget "preworkUITests" */;
			buildPhases = (
				C09C07F327A46AF0003AAD2F /* Sources */,
				C09C07F427A46AF0003AAD2F /* Frameworks */,
				C09C07F527A46AF0003AAD2F /* Resources */,
			);
			buildRules = (
			);
			dependencies = (
				C09C07F927A46AF0003AAD2F /* PBXTargetDependency */,
			);
			name = preworkUITests;
			productName = preworkUITests;
			productReference = C09C07F727A46AF0003AAD2F /* preworkUITests.xctest */;
			productType = "com.apple.product-type.bundle.ui-testing";
		};
/* End PBXNativeTarget section */

/* Begin PBXProject section */
		C09C07CF27A46AEF003AAD2F /* Project object */ = {
			isa = PBXProject;
			attributes = {
				BuildIndependentTargetsInParallel = 1;
				LastSwiftUpdateCheck = 1320;
				LastUpgradeCheck = 1320;
				TargetAttributes = {
					C09C07D627A46AEF003AAD2F = {
						CreatedOnToolsVersion = 13.2.1;
					};
					C09C07EC27A46AF0003AAD2F = {
						CreatedOnToolsVersion = 13.2.1;
						TestTargetID = C09C07D627A46AEF003AAD2F;
					};
					C09C07F627A46AF0003AAD2F = {
						CreatedOnToolsVersion = 13.2.1;
						TestTargetID = C09C07D627A46AEF003AAD2F;
					};
				};
			};
			buildConfigurationList = C09C07D227A46AEF003AAD2F /* Build configuration list for PBXProject "prework" */;
			compatibilityVersion = "Xcode 13.0";
			developmentRegion = en;
			hasScannedForEncodings = 0;
			knownRegions = (
				en,
				Base,
			);
			mainGroup = C09C07CE27A46AEF003AAD2F;
			productRefGroup = C09C07D827A46AEF003AAD2F /* Products */;
			projectDirPath = "";
			projectRoot = "";
			targets = (
				C09C07D627A46AEF003AAD2F /* prework */,
				C09C07EC27A46AF0003AAD2F /* preworkTests */,
				C09C07F627A46AF0003AAD2F /* preworkUITests */,
			);
		};
/* End PBXProject section */

/* Begin PBXResourcesBuildPhase section */
		C09C07D527A46AEF003AAD2F /* Resources */ = {
			isa = PBXResourcesBuildPhase;
			buildActionMask = 2147483647;
			files = (
				C09C07E727A46AF0003AAD2F /* LaunchScreen.storyboard in Resources */,
				C09C07E427A46AF0003AAD2F /* Assets.xcassets in Resources */,
				C09C07E227A46AEF003AAD2F /* Main.storyboard in Resources */,
			);
			runOnlyForDeploymentPostprocessing = 0;
		};
		C09C07EB27A46AF0003AAD2F /* Resources */ = {
			isa = PBXResourcesBuildPhase;
			buildActionMask = 2147483647;
			files = (
			);
			runOnlyForDeploymentPostprocessing = 0;
		};
		C09C07F527A46AF0003AAD2F /* Resources */ = {
			isa = PBXResourcesBuildPhase;
			buildActionMask = 2147483647;
			files = (
			);
			runOnlyForDeploymentPostprocessing = 0;
		};
/* End PBXResourcesBuildPhase section */

/* Begin PBXSourcesBuildPhase section */
		C09C07D327A46AEF003AAD2F /* Sources */ = {
			isa = PBXSourcesBuildPhase;
			buildActionMask = 2147483647;
			files = (
				C09C07DF27A46AEF003AAD2F /* ViewController.swift in Sources */,
				C09C07DB27A46AEF003AAD2F /* AppDelegate.swift in Sources */,
				C09C07DD27A46AEF003AAD2F /* SceneDelegate.swift in Sources */,
			);
			runOnlyForDeploymentPostprocessing = 0;
		};
		C09C07E927A46AF0003AAD2F /* Sources */ = {
			isa = PBXSourcesBuildPhase;
			buildActionMask = 2147483647;
			files = (
				C09C07F227A46AF0003AAD2F /* preworkTests.swift in Sources */,
			);
			runOnlyForDeploymentPostprocessing = 0;
		};
		C09C07F327A46AF0003AAD2F /* Sources */ = {
			isa = PBXSourcesBuildPhase;
			buildActionMask = 2147483647;
			files = (
				C09C07FC27A46AF0003AAD2F /* preworkUITests.swift in Sources */,
				C09C07FE27A46AF0003AAD2F /* preworkUITestsLaunchTests.swift in Sources */,
			);
			runOnlyForDeploymentPostprocessing = 0;
		};
/* End PBXSourcesBuildPhase section */

/* Begin PBXTargetDependency section */
		C09C07EF27A46AF0003AAD2F /* PBXTargetDependency */ = {
			isa = PBXTargetDependency;
			target = C09C07D627A46AEF003AAD2F /* prework */;
			targetProxy = C09C07EE27A46AF0003AAD2F /* PBXContainerItemProxy */;
		};
		C09C07F927A46AF0003AAD2F /* PBXTargetDependency */ = {
			isa = PBXTargetDependency;
			target = C09C07D627A46AEF003AAD2F /* prework */;
			targetProxy = C09C07F827A46AF0003AAD2F /* PBXContainerItemProxy */;
		};
/* End PBXTargetDependency section */

/* Begin PBXVariantGroup section */
		C09C07E027A46AEF003AAD2F /* Main.storyboard */ = {
			isa = PBXVariantGroup;
			children = (
				C09C07E127A46AEF003AAD2F /* Base */,
			);
			name = Main.storyboard;
			sourceTree = "<group>";
		};
		C09C07E527A46AF0003AAD2F /* LaunchScreen.storyboard */ = {
			isa = PBXVariantGroup;
			children = (
				C09C07E627A46AF0003AAD2F /* Base */,
			);
			name = LaunchScreen.storyboard;
			sourceTree = "<group>";
		};
/* End PBXVariantGroup section */

/* Begin XCBuildConfiguration section */
		C09C07FF27A46AF0003AAD2F /* Debug */ = {
			isa = XCBuildConfiguration;
			buildSettings = {
				ALWAYS_SEARCH_USER_PATHS = NO;
				CLANG_ANALYZER_NONNULL = YES;
				CLANG_ANALYZER_NUMBER_OBJECT_CONVERSION = YES_AGGRESSIVE;
				CLANG_CXX_LANGUAGE_STANDARD = "gnu++17";
				CLANG_CXX_LIBRARY = "libc++";
				CLANG_ENABLE_MODULES = YES;
				CLANG_ENABLE_OBJC_ARC = YES;
				CLANG_ENABLE_OBJC_WEAK = YES;
				CLANG_WARN_BLOCK_CAPTURE_AUTORELEASING = YES;
				CLANG_WARN_BOOL_CONVERSION = YES;
				CLANG_WARN_COMMA = YES;
				CLANG_WARN_CONSTANT_CONVERSION = YES;
				CLANG_WARN_DEPRECATED_OBJC_IMPLEMENTATIONS = YES;
				CLANG_WARN_DIRECT_OBJC_ISA_USAGE = YES_ERROR;
				CLANG_WARN_DOCUMENTATION_COMMENTS = YES;
				CLANG_WARN_EMPTY_BODY = YES;
				CLANG_WARN_ENUM_CONVERSION = YES;
				CLANG_WARN_INFINITE_RECURSION = YES;
				CLANG_WARN_INT_CONVERSION = YES;
				CLANG_WARN_NON_LITERAL_NULL_CONVERSION = YES;
				CLANG_WARN_OBJC_IMPLICIT_RETAIN_SELF = YES;
				CLANG_WARN_OBJC_LITERAL_CONVERSION = YES;
				CLANG_WARN_OBJC_ROOT_CLASS = YES_ERROR;
				CLANG_WARN_QUOTED_INCLUDE_IN_FRAMEWORK_HEADER = YES;
				CLANG_WARN_RANGE_LOOP_ANALYSIS = YES;
				CLANG_WARN_STRICT_PROTOTYPES = YES;
				CLANG_WARN_SUSPICIOUS_MOVE = YES;
				CLANG_WARN_UNGUARDED_AVAILABILITY = YES_AGGRESSIVE;
				CLANG_WARN_UNREACHABLE_CODE = YES;
				CLANG_WARN__DUPLICATE_METHOD_MATCH = YES;
				COPY_PHASE_STRIP = NO;
				DEBUG_INFORMATION_FORMAT = dwarf;
				ENABLE_STRICT_OBJC_MSGSEND = YES;
				ENABLE_TESTABILITY = YES;
				GCC_C_LANGUAGE_STANDARD = gnu11;
				GCC_DYNAMIC_NO_PIC = NO;
				GCC_NO_COMMON_BLOCKS = YES;
				GCC_OPTIMIZATION_LEVEL = 0;
				GCC_PREPROCESSOR_DEFINITIONS = (
					"DEBUG=1",
					"$(inherited)",
				);
				GCC_WARN_64_TO_32_BIT_CONVERSION = YES;
				GCC_WARN_ABOUT_RETURN_TYPE = YES_ERROR;
				GCC_WARN_UNDECLARED_SELECTOR = YES;
				GCC_WARN_UNINITIALIZED_AUTOS = YES_AGGRESSIVE;
				GCC_WARN_UNUSED_FUNCTION = YES;
				GCC_WARN_UNUSED_VARIABLE = YES;
				IPHONEOS_DEPLOYMENT_TARGET = 15.2;
				MTL_ENABLE_DEBUG_INFO = INCLUDE_SOURCE;
				MTL_FAST_MATH = YES;
				ONLY_ACTIVE_ARCH = YES;
				SDKROOT = iphoneos;
				SWIFT_ACTIVE_COMPILATION_CONDITIONS = DEBUG;
				SWIFT_OPTIMIZATION_LEVEL = "-Onone";
			};
			name = Debug;
		};
		C09C080027A46AF0003AAD2F /* Release */ = {
			isa = XCBuildConfiguration;
			buildSettings = {
				ALWAYS_SEARCH_USER_PATHS = NO;
				CLANG_ANALYZER_NONNULL = YES;
				CLANG_ANALYZER_NUMBER_OBJECT_CONVERSION = YES_AGGRESSIVE;
				CLANG_CXX_LANGUAGE_STANDARD = "gnu++17";
				CLANG_CXX_LIBRARY = "libc++";
				CLANG_ENABLE_MODULES = YES;
				CLANG_ENABLE_OBJC_ARC = YES;
				CLANG_ENABLE_OBJC_WEAK = YES;
				CLANG_WARN_BLOCK_CAPTURE_AUTORELEASING = YES;
				CLANG_WARN_BOOL_CONVERSION = YES;
				CLANG_WARN_COMMA = YES;
				CLANG_WARN_CONSTANT_CONVERSION = YES;
				CLANG_WARN_DEPRECATED_OBJC_IMPLEMENTATIONS = YES;
				CLANG_WARN_DIRECT_OBJC_ISA_USAGE = YES_ERROR;
				CLANG_WARN_DOCUMENTATION_COMMENTS = YES;
				CLANG_WARN_EMPTY_BODY = YES;
				CLANG_WARN_ENUM_CONVERSION = YES;
				CLANG_WARN_INFINITE_RECURSION = YES;
				CLANG_WARN_INT_CONVERSION = YES;
				CLANG_WARN_NON_LITERAL_NULL_CONVERSION = YES;
				CLANG_WARN_OBJC_IMPLICIT_RETAIN_SELF = YES;
				CLANG_WARN_OBJC_LITERAL_CONVERSION = YES;
				CLANG_WARN_OBJC_ROOT_CLASS = YES_ERROR;
				CLANG_WARN_QUOTED_INCLUDE_IN_FRAMEWORK_HEADER = YES;
				CLANG_WARN_RANGE_LOOP_ANALYSIS = YES;
				CLANG_WARN_STRICT_PROTOTYPES = YES;
				CLANG_WARN_SUSPICIOUS_MOVE = YES;
				CLANG_WARN_UNGUARDED_AVAILABILITY = YES_AGGRESSIVE;
				CLANG_WARN_UNREACHABLE_CODE = YES;
				CLANG_WARN__DUPLICATE_METHOD_MATCH = YES;
				COPY_PHASE_STRIP = NO;
				DEBUG_INFORMATION_FORMAT = "dwarf-with-dsym";
				ENABLE_NS_ASSERTIONS = NO;
				ENABLE_STRICT_OBJC_MSGSEND = YES;
				GCC_C_LANGUAGE_STANDARD = gnu11;
				GCC_NO_COMMON_BLOCKS = YES;
				GCC_WARN_64_TO_32_BIT_CONVERSION = YES;
				GCC_WARN_ABOUT_RETURN_TYPE = YES_ERROR;
				GCC_WARN_UNDECLARED_SELECTOR = YES;
				GCC_WARN_UNINITIALIZED_AUTOS = YES_AGGRESSIVE;
				GCC_WARN_UNUSED_FUNCTION = YES;
				GCC_WARN_UNUSED_VARIABLE = YES;
				IPHONEOS_DEPLOYMENT_TARGET = 15.2;
				MTL_ENABLE_DEBUG_INFO = NO;
				MTL_FAST_MATH = YES;
				SDKROOT = iphoneos;
				SWIFT_COMPILATION_MODE = wholemodule;
				SWIFT_OPTIMIZATION_LEVEL = "-O";
				VALIDATE_PRODUCT = YES;
			};
			name = Release;
		};
		C09C080227A46AF0003AAD2F /* Debug */ = {
			isa = XCBuildConfiguration;
			buildSettings = {
				ASSETCATALOG_COMPILER_APPICON_NAME = AppIcon;
				ASSETCATALOG_COMPILER_GLOBAL_ACCENT_COLOR_NAME = AccentColor;
				CODE_SIGN_STYLE = Automatic;
				CURRENT_PROJECT_VERSION = 1;
				GENERATE_INFOPLIST_FILE = YES;
				INFOPLIST_FILE = prework/Info.plist;
				INFOPLIST_KEY_UIApplicationSupportsIndirectInputEvents = YES;
				INFOPLIST_KEY_UILaunchStoryboardName = LaunchScreen;
				INFOPLIST_KEY_UIMainStoryboardFile = Main;
				INFOPLIST_KEY_UISupportedInterfaceOrientations_iPad = "UIInterfaceOrientationPortrait UIInterfaceOrientationPortraitUpsideDown UIInterfaceOrientationLandscapeLeft UIInterfaceOrientationLandscapeRight";
				INFOPLIST_KEY_UISupportedInterfaceOrientations_iPhone = "UIInterfaceOrientationPortrait UIInterfaceOrientationLandscapeLeft UIInterfaceOrientationLandscapeRight";
				LD_RUNPATH_SEARCH_PATHS = (
					"$(inherited)",
					"@executable_path/Frameworks",
				);
				MARKETING_VERSION = 1.0;
				PRODUCT_BUNDLE_IDENTIFIER = memo.com.prework;
				PRODUCT_NAME = "$(TARGET_NAME)";
				SWIFT_EMIT_LOC_STRINGS = YES;
				SWIFT_VERSION = 5.0;
				TARGETED_DEVICE_FAMILY = "1,2";
			};
			name = Debug;
		};
		C09C080327A46AF0003AAD2F /* Release */ = {
			isa = XCBuildConfiguration;
			buildSettings = {
				ASSETCATALOG_COMPILER_APPICON_NAME = AppIcon;
				ASSETCATALOG_COMPILER_GLOBAL_ACCENT_COLOR_NAME = AccentColor;
				CODE_SIGN_STYLE = Automatic;
				CURRENT_PROJECT_VERSION = 1;
				GENERATE_INFOPLIST_FILE = YES;
				INFOPLIST_FILE = prework/Info.plist;
				INFOPLIST_KEY_UIApplicationSupportsIndirectInputEvents = YES;
				INFOPLIST_KEY_UILaunchStoryboardName = LaunchScreen;
				INFOPLIST_KEY_UIMainStoryboardFile = Main;
				INFOPLIST_KEY_UISupportedInterfaceOrientations_iPad = "UIInterfaceOrientationPortrait UIInterfaceOrientationPortraitUpsideDown UIInterfaceOrientationLandscapeLeft UIInterfaceOrientationLandscapeRight";
				INFOPLIST_KEY_UISupportedInterfaceOrientations_iPhone = "UIInterfaceOrientationPortrait UIInterfaceOrientationLandscapeLeft UIInterfaceOrientationLandscapeRight";
				LD_RUNPATH_SEARCH_PATHS = (
					"$(inherited)",
					"@executable_path/Frameworks",
				);
				MARKETING_VERSION = 1.0;
				PRODUCT_BUNDLE_IDENTIFIER = memo.com.prework;
				PRODUCT_NAME = "$(TARGET_NAME)";
				SWIFT_EMIT_LOC_STRINGS = YES;
				SWIFT_VERSION = 5.0;
				TARGETED_DEVICE_FAMILY = "1,2";
			};
			name = Release;
		};
		C09C080527A46AF0003AAD2F /* Debug */ = {
			isa = XCBuildConfiguration;
			buildSettings = {
				ALWAYS_EMBED_SWIFT_STANDARD_LIBRARIES = YES;
				BUNDLE_LOADER = "$(TEST_HOST)";
				CODE_SIGN_STYLE = Automatic;
				CURRENT_PROJECT_VERSION = 1;
				GENERATE_INFOPLIST_FILE = YES;
				IPHONEOS_DEPLOYMENT_TARGET = 15.2;
				MARKETING_VERSION = 1.0;
				PRODUCT_BUNDLE_IDENTIFIER = memo.com.preworkTests;
				PRODUCT_NAME = "$(TARGET_NAME)";
				SWIFT_EMIT_LOC_STRINGS = NO;
				SWIFT_VERSION = 5.0;
				TARGETED_DEVICE_FAMILY = "1,2";
				TEST_HOST = "$(BUILT_PRODUCTS_DIR)/prework.app/prework";
			};
			name = Debug;
		};
		C09C080627A46AF0003AAD2F /* Release */ = {
			isa = XCBuildConfiguration;
			buildSettings = {
				ALWAYS_EMBED_SWIFT_STANDARD_LIBRARIES = YES;
				BUNDLE_LOADER = "$(TEST_HOST)";
				CODE_SIGN_STYLE = Automatic;
				CURRENT_PROJECT_VERSION = 1;
				GENERATE_INFOPLIST_FILE = YES;
				IPHONEOS_DEPLOYMENT_TARGET = 15.2;
				MARKETING_VERSION = 1.0;
				PRODUCT_BUNDLE_IDENTIFIER = memo.com.preworkTests;
				PRODUCT_NAME = "$(TARGET_NAME)";
				SWIFT_EMIT_LOC_STRINGS = NO;
				SWIFT_VERSION = 5.0;
				TARGETED_DEVICE_FAMILY = "1,2";
				TEST_HOST = "$(BUILT_PRODUCTS_DIR)/prework.app/prework";
			};
			name = Release;
		};
		C09C080827A46AF0003AAD2F /* Debug */ = {
			isa = XCBuildConfiguration;
			buildSettings = {
				ALWAYS_EMBED_SWIFT_STANDARD_LIBRARIES = YES;
				CODE_SIGN_STYLE = Automatic;
				CURRENT_PROJECT_VERSION = 1;
				GENERATE_INFOPLIST_FILE = YES;
				MARKETING_VERSION = 1.0;
				PRODUCT_BUNDLE_IDENTIFIER = memo.com.preworkUITests;
				PRODUCT_NAME = "$(TARGET_NAME)";
				SWIFT_EMIT_LOC_STRINGS = NO;
				SWIFT_VERSION = 5.0;
				TARGETED_DEVICE_FAMILY = "1,2";
				TEST_TARGET_NAME = prework;
			};
			name = Debug;
		};
		C09C080927A46AF0003AAD2F /* Release */ = {
			isa = XCBuildConfiguration;
			buildSettings = {
				ALWAYS_EMBED_SWIFT_STANDARD_LIBRARIES = YES;
				CODE_SIGN_STYLE = Automatic;
				CURRENT_PROJECT_VERSION = 1;
				GENERATE_INFOPLIST_FILE = YES;
				MARKETING_VERSION = 1.0;
				PRODUCT_BUNDLE_IDENTIFIER = memo.com.preworkUITests;
				PRODUCT_NAME = "$(TARGET_NAME)";
				SWIFT_EMIT_LOC_STRINGS = NO;
				SWIFT_VERSION = 5.0;
				TARGETED_DEVICE_FAMILY = "1,2";
				TEST_TARGET_NAME = prework;
			};
			name = Release;
		};
/* End XCBuildConfiguration section */

/* Begin XCConfigurationList section */
		C09C07D227A46AEF003AAD2F /* Build configuration list for PBXProject "prework" */ = {
			isa = XCConfigurationList;
			buildConfigurations = (
				C09C07FF27A46AF0003AAD2F /* Debug */,
				C09C080027A46AF0003AAD2F /* Release */,
			);
			defaultConfigurationIsVisible = 0;
			defaultConfigurationName = Release;
		};
		C09C080127A46AF0003AAD2F /* Build configuration list for PBXNativeTarget "prework" */ = {
			isa = XCConfigurationList;
			buildConfigurations = (
				C09C080227A46AF0003AAD2F /* Debug */,
				C09C080327A46AF0003AAD2F /* Release */,
			);
			defaultConfigurationIsVisible = 0;
			defaultConfigurationName = Release;
		};
		C09C080427A46AF0003AAD2F /* Build configuration list for PBXNativeTarget "preworkTests" */ = {
			isa = XCConfigurationList;
			buildConfigurations = (
				C09C080527A46AF0003AAD2F /* Debug */,
				C09C080627A46AF0003AAD2F /* Release */,
			);
			defaultConfigurationIsVisible = 0;
			defaultConfigurationName = Release;
		};
		C09C080727A46AF0003AAD2F /* Build configuration list for PBXNativeTarget "preworkUITests" */ = {
			isa = XCConfigurationList;
			buildConfigurations = (
				C09C080827A46AF0003AAD2F /* Debug */,
				C09C080927A46AF0003AAD2F /* Release */,
			);
			defaultConfigurationIsVisible = 0;
			defaultConfigurationName = Release;
		};
/* End XCConfigurationList section */
	};
	rootObject = C09C07CF27A46AEF003AAD2F /* Project object */;
}
